
Microsoft Visual Studio Solution File, Format Version 12.00
# Visual Studio Version 17
VisualStudioVersion = 17.5.33530.505
MinimumVisualStudioVersion = 10.0.40219.1
Project("{FAE04EC0-301F-11D3-BF4B-00C04F79EFBC}") = "WinFormsApp3", "WinFormsApp3\WinFormsApp3.csproj", "{DF8B8B89-C8B2-4053-B2A7-1AD27166EEB2}"
EndProject
Global
	GlobalSection(SolutionConfigurationPlatforms) = preSolution
		Debug|Any CPU = Debug|Any CPU
		Release|Any CPU = Release|Any CPU
	EndGlobalSection
	GlobalSection(ProjectConfigurationPlatforms) = postSolution
		{DF8B8B89-C8B2-4053-B2A7-1AD27166EEB2}.Debug|Any CPU.ActiveCfg = Debug|Any CPU
		{DF8B8B89-C8B2-4053-B2A7-1AD27166EEB2}.Debug|Any CPU.Build.0 = Debug|Any CPU
		{DF8B8B89-C8B2-4053-B2A7-1AD27166EEB2}.Release|Any CPU.ActiveCfg = Release|Any CPU
		{DF8B8B89-C8B2-4053-B2A7-1AD27166EEB2}.Release|Any CPU.Build.0 = Release|Any CPU
	EndGlobalSection
	GlobalSection(SolutionProperties) = preSolution
		HideSolutionNode = FALSE
	EndGlobalSection
	GlobalSection(ExtensibilityGlobals) = postSolution
		SolutionGuid = {B27A936A-2DB4-4DF2-8661-C81CB0C7F982}
	EndGlobalSection
EndGlobal
