
Microsoft Visual Studio Solution File, Format Version 12.00
# Visual Studio Version 17
VisualStudioVersion = 17.5.33530.505
MinimumVisualStudioVersion = 10.0.40219.1
Project("{FAE04EC0-301F-11D3-BF4B-00C04F79EFBC}") = "WinFormsApp10", "WinFormsApp10\WinFormsApp10.csproj", "{714C2ECC-312F-486B-97F0-E5CED890059F}"
EndProject
Global
	GlobalSection(SolutionConfigurationPlatforms) = preSolution
		Debug|Any CPU = Debug|Any CPU
		Release|Any CPU = Release|Any CPU
	EndGlobalSection
	GlobalSection(ProjectConfigurationPlatforms) = postSolution
		{714C2ECC-312F-486B-97F0-E5CED890059F}.Debug|Any CPU.ActiveCfg = Debug|Any CPU
		{714C2ECC-312F-486B-97F0-E5CED890059F}.Debug|Any CPU.Build.0 = Debug|Any CPU
		{714C2ECC-312F-486B-97F0-E5CED890059F}.Release|Any CPU.ActiveCfg = Release|Any CPU
		{714C2ECC-312F-486B-97F0-E5CED890059F}.Release|Any CPU.Build.0 = Release|Any CPU
	EndGlobalSection
	GlobalSection(SolutionProperties) = preSolution
		HideSolutionNode = FALSE
	EndGlobalSection
	GlobalSection(ExtensibilityGlobals) = postSolution
		SolutionGuid = {59B8E32F-9B33-4F4C-8F20-65B49636A928}
	EndGlobalSection
EndGlobal
