
Microsoft Visual Studio Solution File, Format Version 12.00
# Visual Studio Version 17
VisualStudioVersion = 17.4.33213.308
MinimumVisualStudioVersion = 10.0.40219.1
Project("{FAE04EC0-301F-11D3-BF4B-00C04F79EFBC}") = "blocknot", "blocknot\blocknot.csproj", "{400CF353-CD8A-482D-91C1-963EA49C0748}"
EndProject
Global
	GlobalSection(SolutionConfigurationPlatforms) = preSolution
		Debug|Any CPU = Debug|Any CPU
		Release|Any CPU = Release|Any CPU
	EndGlobalSection
	GlobalSection(ProjectConfigurationPlatforms) = postSolution
		{400CF353-CD8A-482D-91C1-963EA49C0748}.Debug|Any CPU.ActiveCfg = Debug|Any CPU
		{400CF353-CD8A-482D-91C1-963EA49C0748}.Debug|Any CPU.Build.0 = Debug|Any CPU
		{400CF353-CD8A-482D-91C1-963EA49C0748}.Release|Any CPU.ActiveCfg = Release|Any CPU
		{400CF353-CD8A-482D-91C1-963EA49C0748}.Release|Any CPU.Build.0 = Release|Any CPU
	EndGlobalSection
	GlobalSection(SolutionProperties) = preSolution
		HideSolutionNode = FALSE
	EndGlobalSection
	GlobalSection(ExtensibilityGlobals) = postSolution
		SolutionGuid = {DE8873B3-47D5-4B98-820D-F0812C950C38}
	EndGlobalSection
EndGlobal
